
Microsoft Visual Studio Solution File, Format Version 12.00
# Visual Studio Version 16
VisualStudioVersion = 16.0.29324.140
MinimumVisualStudioVersion = 10.0.40219.1
Project("{FAE04EC0-301F-11D3-BF4B-00C04F79EFBC}") = "Application.Test", "test\Application\Application.Test.csproj", "{F2D2AB64-837C-41C7-89B6-745D5C0A74F4}"
EndProject
Project("{9A19103F-16F7-4668-BE54-9A1E7A4F7556}") = "Application", "main\Application\Application.csproj", "{73A42502-118D-45A5-8E7F-2DDECD541DF4}"
EndProject
Project("{FAE04EC0-301F-11D3-BF4B-00C04F79EFBC}") = "Domain.Model.Test", "test\Domain.Model\Domain.Model.Test.csproj", "{AB2E896F-268E-417D-85F5-9D554AA11D67}"
EndProject
Project("{2150E333-8FDC-42A3-9474-1A3956D46DE8}") = "Port.Adapter", "Port.Adapter", "{DBB322C0-BC6A-4962-98DC-8DBB176F9C0C}"
EndProject
Project("{2150E333-8FDC-42A3-9474-1A3956D46DE8}") = "IO", "IO", "{4F77633D-80FC-4EA4-8DFB-128C1564996E}"
EndProject
Project("{9A19103F-16F7-4668-BE54-9A1E7A4F7556}") = "Domain.Model", "main\Domain.Model\Domain.Model.csproj", "{A70FBF47-1B05-4CCF-85EB-AFB0906D551A}"
EndProject
Project("{E53339B2-1760-4266-BCC7-CA923CBCF16C}") = "docker-compose", "docker-compose.dcproj", "{ECFC64AB-68CE-499D-AEA8-D8739EF231A7}"
EndProject
Project("{2150E333-8FDC-42A3-9474-1A3956D46DE8}") = "In", "In", "{250B3F59-02D5-436B-91F2-134FAF83B57D}"
EndProject
Project("{9A19103F-16F7-4668-BE54-9A1E7A4F7556}") = "In.Api", "main\Port.Adapter\In\Api\In.Api.csproj", "{A95A5D14-92DD-4957-B1A1-656C24DD9E72}"
EndProject
Project("{9A19103F-16F7-4668-BE54-9A1E7A4F7556}") = "In.Api.Test", "test\Port.Adapter\In\Api\In.Api.Test.csproj", "{D50BC565-4A02-4CE9-9E81-04F7AAD7F6B4}"
EndProject
Project("{9A19103F-16F7-4668-BE54-9A1E7A4F7556}") = "Common", "main\Port.Adapter\Common\Common.csproj", "{07D5414D-1773-4E5D-B296-FE80772113B9}"
EndProject
Project("{2150E333-8FDC-42A3-9474-1A3956D46DE8}") = "Process", "Process", "{C0F26CA4-40C9-4E49-8A23-609883D7563B}"
EndProject
Project("{9A19103F-16F7-4668-BE54-9A1E7A4F7556}") = "Services", "main\Port.Adapter\IO\Process\Services\Services.csproj", "{607D7739-6698-40AD-99FC-F157FB372CCF}"
EndProject
Project("{2150E333-8FDC-42A3-9474-1A3956D46DE8}") = "Out", "Out", "{4504D88C-8599-4481-96A5-A66FB3DA5F6A}"
EndProject
Project("{9A19103F-16F7-4668-BE54-9A1E7A4F7556}") = "Out.Api", "main\Port.Adapter\Out\Api\Out.Api.csproj", "{E2B26203-E810-4B89-B06D-C077DACF6537}"
EndProject
Global
	GlobalSection(SolutionConfigurationPlatforms) = preSolution
		Debug|Any CPU = Debug|Any CPU
		Release|Any CPU = Release|Any CPU
	EndGlobalSection
	GlobalSection(ProjectConfigurationPlatforms) = postSolution
		{F2D2AB64-837C-41C7-89B6-745D5C0A74F4}.Debug|Any CPU.ActiveCfg = Debug|Any CPU
		{F2D2AB64-837C-41C7-89B6-745D5C0A74F4}.Debug|Any CPU.Build.0 = Debug|Any CPU
		{F2D2AB64-837C-41C7-89B6-745D5C0A74F4}.Release|Any CPU.ActiveCfg = Release|Any CPU
		{F2D2AB64-837C-41C7-89B6-745D5C0A74F4}.Release|Any CPU.Build.0 = Release|Any CPU
		{73A42502-118D-45A5-8E7F-2DDECD541DF4}.Debug|Any CPU.ActiveCfg = Debug|Any CPU
		{73A42502-118D-45A5-8E7F-2DDECD541DF4}.Debug|Any CPU.Build.0 = Debug|Any CPU
		{73A42502-118D-45A5-8E7F-2DDECD541DF4}.Release|Any CPU.ActiveCfg = Release|Any CPU
		{73A42502-118D-45A5-8E7F-2DDECD541DF4}.Release|Any CPU.Build.0 = Release|Any CPU
		{AB2E896F-268E-417D-85F5-9D554AA11D67}.Debug|Any CPU.ActiveCfg = Debug|Any CPU
		{AB2E896F-268E-417D-85F5-9D554AA11D67}.Debug|Any CPU.Build.0 = Debug|Any CPU
		{AB2E896F-268E-417D-85F5-9D554AA11D67}.Release|Any CPU.ActiveCfg = Release|Any CPU
		{AB2E896F-268E-417D-85F5-9D554AA11D67}.Release|Any CPU.Build.0 = Release|Any CPU
		{A70FBF47-1B05-4CCF-85EB-AFB0906D551A}.Debug|Any CPU.ActiveCfg = Debug|Any CPU
		{A70FBF47-1B05-4CCF-85EB-AFB0906D551A}.Debug|Any CPU.Build.0 = Debug|Any CPU
		{A70FBF47-1B05-4CCF-85EB-AFB0906D551A}.Release|Any CPU.ActiveCfg = Release|Any CPU
		{A70FBF47-1B05-4CCF-85EB-AFB0906D551A}.Release|Any CPU.Build.0 = Release|Any CPU
		{ECFC64AB-68CE-499D-AEA8-D8739EF231A7}.Debug|Any CPU.ActiveCfg = Debug|Any CPU
		{ECFC64AB-68CE-499D-AEA8-D8739EF231A7}.Debug|Any CPU.Build.0 = Debug|Any CPU
		{ECFC64AB-68CE-499D-AEA8-D8739EF231A7}.Release|Any CPU.ActiveCfg = Release|Any CPU
		{ECFC64AB-68CE-499D-AEA8-D8739EF231A7}.Release|Any CPU.Build.0 = Release|Any CPU
		{A95A5D14-92DD-4957-B1A1-656C24DD9E72}.Debug|Any CPU.ActiveCfg = Debug|Any CPU
		{A95A5D14-92DD-4957-B1A1-656C24DD9E72}.Debug|Any CPU.Build.0 = Debug|Any CPU
		{A95A5D14-92DD-4957-B1A1-656C24DD9E72}.Release|Any CPU.ActiveCfg = Release|Any CPU
		{A95A5D14-92DD-4957-B1A1-656C24DD9E72}.Release|Any CPU.Build.0 = Release|Any CPU
		{D50BC565-4A02-4CE9-9E81-04F7AAD7F6B4}.Debug|Any CPU.ActiveCfg = Debug|Any CPU
		{D50BC565-4A02-4CE9-9E81-04F7AAD7F6B4}.Debug|Any CPU.Build.0 = Debug|Any CPU
		{D50BC565-4A02-4CE9-9E81-04F7AAD7F6B4}.Release|Any CPU.ActiveCfg = Release|Any CPU
		{D50BC565-4A02-4CE9-9E81-04F7AAD7F6B4}.Release|Any CPU.Build.0 = Release|Any CPU
		{07D5414D-1773-4E5D-B296-FE80772113B9}.Debug|Any CPU.ActiveCfg = Debug|Any CPU
		{07D5414D-1773-4E5D-B296-FE80772113B9}.Debug|Any CPU.Build.0 = Debug|Any CPU
		{07D5414D-1773-4E5D-B296-FE80772113B9}.Release|Any CPU.ActiveCfg = Release|Any CPU
		{07D5414D-1773-4E5D-B296-FE80772113B9}.Release|Any CPU.Build.0 = Release|Any CPU
		{607D7739-6698-40AD-99FC-F157FB372CCF}.Debug|Any CPU.ActiveCfg = Debug|Any CPU
		{607D7739-6698-40AD-99FC-F157FB372CCF}.Debug|Any CPU.Build.0 = Debug|Any CPU
		{607D7739-6698-40AD-99FC-F157FB372CCF}.Release|Any CPU.ActiveCfg = Release|Any CPU
		{607D7739-6698-40AD-99FC-F157FB372CCF}.Release|Any CPU.Build.0 = Release|Any CPU
		{E2B26203-E810-4B89-B06D-C077DACF6537}.Debug|Any CPU.ActiveCfg = Debug|Any CPU
		{E2B26203-E810-4B89-B06D-C077DACF6537}.Debug|Any CPU.Build.0 = Debug|Any CPU
		{E2B26203-E810-4B89-B06D-C077DACF6537}.Release|Any CPU.ActiveCfg = Release|Any CPU
		{E2B26203-E810-4B89-B06D-C077DACF6537}.Release|Any CPU.Build.0 = Release|Any CPU
	EndGlobalSection
	GlobalSection(SolutionProperties) = preSolution
		HideSolutionNode = FALSE
	EndGlobalSection
	GlobalSection(NestedProjects) = preSolution
		{4F77633D-80FC-4EA4-8DFB-128C1564996E} = {DBB322C0-BC6A-4962-98DC-8DBB176F9C0C}
		{250B3F59-02D5-436B-91F2-134FAF83B57D} = {DBB322C0-BC6A-4962-98DC-8DBB176F9C0C}
		{A95A5D14-92DD-4957-B1A1-656C24DD9E72} = {250B3F59-02D5-436B-91F2-134FAF83B57D}
		{D50BC565-4A02-4CE9-9E81-04F7AAD7F6B4} = {250B3F59-02D5-436B-91F2-134FAF83B57D}
		{07D5414D-1773-4E5D-B296-FE80772113B9} = {DBB322C0-BC6A-4962-98DC-8DBB176F9C0C}
		{C0F26CA4-40C9-4E49-8A23-609883D7563B} = {4F77633D-80FC-4EA4-8DFB-128C1564996E}
		{607D7739-6698-40AD-99FC-F157FB372CCF} = {C0F26CA4-40C9-4E49-8A23-609883D7563B}
		{4504D88C-8599-4481-96A5-A66FB3DA5F6A} = {DBB322C0-BC6A-4962-98DC-8DBB176F9C0C}
		{E2B26203-E810-4B89-B06D-C077DACF6537} = {4504D88C-8599-4481-96A5-A66FB3DA5F6A}
	EndGlobalSection
	GlobalSection(ExtensibilityGlobals) = postSolution
		SolutionGuid = {52C9D9EC-9427-4D12-AC67-B848B8A8C45A}
	EndGlobalSection
EndGlobal
