
Microsoft Visual Studio Solution File, Format Version 12.00
# Visual Studio 15
VisualStudioVersion = 15.0.27004.2005
MinimumVisualStudioVersion = 10.0.40219.1
Project("{FAE04EC0-301F-11D3-BF4B-00C04F79EFBC}") = "Application.Test", "test\Application\Application.Test.csproj", "{F2D2AB64-837C-41C7-89B6-745D5C0A74F4}"
EndProject
Project("{9A19103F-16F7-4668-BE54-9A1E7A4F7556}") = "Application", "main\Application\Application.csproj", "{73A42502-118D-45A5-8E7F-2DDECD541DF4}"
EndProject
Project("{FAE04EC0-301F-11D3-BF4B-00C04F79EFBC}") = "Domain.Model.Test", "test\Domain.Model\Domain.Model.Test.csproj", "{AB2E896F-268E-417D-85F5-9D554AA11D67}"
EndProject
Project("{9A19103F-16F7-4668-BE54-9A1E7A4F7556}") = "Http", "main\Port.Adapter\In\Http\Http.csproj", "{158D003F-B83D-4DE6-B17D-481B118CAA1A}"
EndProject
Project("{2150E333-8FDC-42A3-9474-1A3956D46DE8}") = "Port.Adapter", "Port.Adapter", "{DBB322C0-BC6A-4962-98DC-8DBB176F9C0C}"
EndProject
Project("{2150E333-8FDC-42A3-9474-1A3956D46DE8}") = "Out", "Out", "{A30F7F77-9251-456D-90EE-AFFEECB77852}"
EndProject
Project("{2150E333-8FDC-42A3-9474-1A3956D46DE8}") = "In", "In", "{C24FEF98-B5A1-4532-BF85-271DEB404E11}"
EndProject
Project("{2150E333-8FDC-42A3-9474-1A3956D46DE8}") = "IO", "IO", "{4F77633D-80FC-4EA4-8DFB-128C1564996E}"
EndProject
Project("{9A19103F-16F7-4668-BE54-9A1E7A4F7556}") = "Domain.Model", "main\Domain.Model\Domain.Model.csproj", "{A70FBF47-1B05-4CCF-85EB-AFB0906D551A}"
EndProject
Project("{9A19103F-16F7-4668-BE54-9A1E7A4F7556}") = "Http.Test", "test\Port.Adapter\In\Http\Http.Test.csproj", "{0E2792BC-0667-4FE2-9267-D60FEF732EDD}"
EndProject
Project("{9A19103F-16F7-4668-BE54-9A1E7A4F7556}") = "SQLite", "main\Port.Adapter\IO\Persistence\Events\SQLite\SQLite.csproj", "{AAE54AC4-F728-4F81-BF38-5D894DAB514F}"
EndProject
Project("{2150E333-8FDC-42A3-9474-1A3956D46DE8}") = "Persistence", "Persistence", "{01745522-9AA8-4F55-8D9B-B3301CA06AE0}"
EndProject
Project("{2150E333-8FDC-42A3-9474-1A3956D46DE8}") = "Events", "Events", "{9B91E8B0-CAA0-46FC-97A1-638D86D4A98E}"
EndProject
Project("{9A19103F-16F7-4668-BE54-9A1E7A4F7556}") = "Events", "main\Port.Adapter\IO\Persistence\Events\Events.csproj", "{221AB8C3-F9BE-4A07-BA72-62E439830837}"
EndProject
Project("{2150E333-8FDC-42A3-9474-1A3956D46DE8}") = "SQLite", "SQLite", "{D408BF53-52D1-4466-96D4-C81B776BC07F}"
EndProject
Project("{FAE04EC0-301F-11D3-BF4B-00C04F79EFBC}") = "SQLite.Test", "test\Port.Adapter\IO\Persistence\Events\SQLite\SQLite.Test.csproj", "{6A1B1FD7-6CE7-4DA4-9D35-36C653CF1F6D}"
EndProject
Project("{FAE04EC0-301F-11D3-BF4B-00C04F79EFBC}") = "Events.Test", "test\Port.Adapter\IO\Persistence\Events\Events.Test.csproj", "{516A6D95-D262-4935-B2FE-38AFBBCFDD77}"
EndProject
Project("{9A19103F-16F7-4668-BE54-9A1E7A4F7556}") = "Http", "main\Port.Adapter\Out\Http\Http.csproj", "{B73664CB-8D9A-4E36-9AE6-BEE3FE157BC2}"
EndProject
Project("{9A19103F-16F7-4668-BE54-9A1E7A4F7556}") = "Http.Test", "test\Port.Adapter\Out\Http\Http.Test.csproj", "{3F132CDE-33B1-45E4-97A1-CD55CDA586A4}"
EndProject
Global
	GlobalSection(SolutionConfigurationPlatforms) = preSolution
		Debug|Any CPU = Debug|Any CPU
		Release|Any CPU = Release|Any CPU
	EndGlobalSection
	GlobalSection(ProjectConfigurationPlatforms) = postSolution
		{F2D2AB64-837C-41C7-89B6-745D5C0A74F4}.Debug|Any CPU.ActiveCfg = Debug|Any CPU
		{F2D2AB64-837C-41C7-89B6-745D5C0A74F4}.Debug|Any CPU.Build.0 = Debug|Any CPU
		{F2D2AB64-837C-41C7-89B6-745D5C0A74F4}.Release|Any CPU.ActiveCfg = Release|Any CPU
		{F2D2AB64-837C-41C7-89B6-745D5C0A74F4}.Release|Any CPU.Build.0 = Release|Any CPU
		{73A42502-118D-45A5-8E7F-2DDECD541DF4}.Debug|Any CPU.ActiveCfg = Debug|Any CPU
		{73A42502-118D-45A5-8E7F-2DDECD541DF4}.Debug|Any CPU.Build.0 = Debug|Any CPU
		{73A42502-118D-45A5-8E7F-2DDECD541DF4}.Release|Any CPU.ActiveCfg = Release|Any CPU
		{73A42502-118D-45A5-8E7F-2DDECD541DF4}.Release|Any CPU.Build.0 = Release|Any CPU
		{AB2E896F-268E-417D-85F5-9D554AA11D67}.Debug|Any CPU.ActiveCfg = Debug|Any CPU
		{AB2E896F-268E-417D-85F5-9D554AA11D67}.Debug|Any CPU.Build.0 = Debug|Any CPU
		{AB2E896F-268E-417D-85F5-9D554AA11D67}.Release|Any CPU.ActiveCfg = Release|Any CPU
		{AB2E896F-268E-417D-85F5-9D554AA11D67}.Release|Any CPU.Build.0 = Release|Any CPU
		{158D003F-B83D-4DE6-B17D-481B118CAA1A}.Debug|Any CPU.ActiveCfg = Debug|Any CPU
		{158D003F-B83D-4DE6-B17D-481B118CAA1A}.Debug|Any CPU.Build.0 = Debug|Any CPU
		{158D003F-B83D-4DE6-B17D-481B118CAA1A}.Release|Any CPU.ActiveCfg = Release|Any CPU
		{158D003F-B83D-4DE6-B17D-481B118CAA1A}.Release|Any CPU.Build.0 = Release|Any CPU
		{A70FBF47-1B05-4CCF-85EB-AFB0906D551A}.Debug|Any CPU.ActiveCfg = Debug|Any CPU
		{A70FBF47-1B05-4CCF-85EB-AFB0906D551A}.Debug|Any CPU.Build.0 = Debug|Any CPU
		{A70FBF47-1B05-4CCF-85EB-AFB0906D551A}.Release|Any CPU.ActiveCfg = Release|Any CPU
		{A70FBF47-1B05-4CCF-85EB-AFB0906D551A}.Release|Any CPU.Build.0 = Release|Any CPU
		{0E2792BC-0667-4FE2-9267-D60FEF732EDD}.Debug|Any CPU.ActiveCfg = Debug|Any CPU
		{0E2792BC-0667-4FE2-9267-D60FEF732EDD}.Debug|Any CPU.Build.0 = Debug|Any CPU
		{0E2792BC-0667-4FE2-9267-D60FEF732EDD}.Release|Any CPU.ActiveCfg = Release|Any CPU
		{0E2792BC-0667-4FE2-9267-D60FEF732EDD}.Release|Any CPU.Build.0 = Release|Any CPU
		{AAE54AC4-F728-4F81-BF38-5D894DAB514F}.Debug|Any CPU.ActiveCfg = Debug|Any CPU
		{AAE54AC4-F728-4F81-BF38-5D894DAB514F}.Debug|Any CPU.Build.0 = Debug|Any CPU
		{AAE54AC4-F728-4F81-BF38-5D894DAB514F}.Release|Any CPU.ActiveCfg = Release|Any CPU
		{AAE54AC4-F728-4F81-BF38-5D894DAB514F}.Release|Any CPU.Build.0 = Release|Any CPU
		{221AB8C3-F9BE-4A07-BA72-62E439830837}.Debug|Any CPU.ActiveCfg = Debug|Any CPU
		{221AB8C3-F9BE-4A07-BA72-62E439830837}.Debug|Any CPU.Build.0 = Debug|Any CPU
		{221AB8C3-F9BE-4A07-BA72-62E439830837}.Release|Any CPU.ActiveCfg = Release|Any CPU
		{221AB8C3-F9BE-4A07-BA72-62E439830837}.Release|Any CPU.Build.0 = Release|Any CPU
		{6A1B1FD7-6CE7-4DA4-9D35-36C653CF1F6D}.Debug|Any CPU.ActiveCfg = Debug|Any CPU
		{6A1B1FD7-6CE7-4DA4-9D35-36C653CF1F6D}.Debug|Any CPU.Build.0 = Debug|Any CPU
		{6A1B1FD7-6CE7-4DA4-9D35-36C653CF1F6D}.Release|Any CPU.ActiveCfg = Release|Any CPU
		{6A1B1FD7-6CE7-4DA4-9D35-36C653CF1F6D}.Release|Any CPU.Build.0 = Release|Any CPU
		{516A6D95-D262-4935-B2FE-38AFBBCFDD77}.Debug|Any CPU.ActiveCfg = Debug|Any CPU
		{516A6D95-D262-4935-B2FE-38AFBBCFDD77}.Debug|Any CPU.Build.0 = Debug|Any CPU
		{516A6D95-D262-4935-B2FE-38AFBBCFDD77}.Release|Any CPU.ActiveCfg = Release|Any CPU
		{516A6D95-D262-4935-B2FE-38AFBBCFDD77}.Release|Any CPU.Build.0 = Release|Any CPU
		{B73664CB-8D9A-4E36-9AE6-BEE3FE157BC2}.Debug|Any CPU.ActiveCfg = Debug|Any CPU
		{B73664CB-8D9A-4E36-9AE6-BEE3FE157BC2}.Debug|Any CPU.Build.0 = Debug|Any CPU
		{B73664CB-8D9A-4E36-9AE6-BEE3FE157BC2}.Release|Any CPU.ActiveCfg = Release|Any CPU
		{B73664CB-8D9A-4E36-9AE6-BEE3FE157BC2}.Release|Any CPU.Build.0 = Release|Any CPU
		{3F132CDE-33B1-45E4-97A1-CD55CDA586A4}.Debug|Any CPU.ActiveCfg = Debug|Any CPU
		{3F132CDE-33B1-45E4-97A1-CD55CDA586A4}.Debug|Any CPU.Build.0 = Debug|Any CPU
		{3F132CDE-33B1-45E4-97A1-CD55CDA586A4}.Release|Any CPU.ActiveCfg = Release|Any CPU
		{3F132CDE-33B1-45E4-97A1-CD55CDA586A4}.Release|Any CPU.Build.0 = Release|Any CPU
	EndGlobalSection
	GlobalSection(SolutionProperties) = preSolution
		HideSolutionNode = FALSE
	EndGlobalSection
	GlobalSection(NestedProjects) = preSolution
		{158D003F-B83D-4DE6-B17D-481B118CAA1A} = {C24FEF98-B5A1-4532-BF85-271DEB404E11}
		{A30F7F77-9251-456D-90EE-AFFEECB77852} = {DBB322C0-BC6A-4962-98DC-8DBB176F9C0C}
		{C24FEF98-B5A1-4532-BF85-271DEB404E11} = {DBB322C0-BC6A-4962-98DC-8DBB176F9C0C}
		{4F77633D-80FC-4EA4-8DFB-128C1564996E} = {DBB322C0-BC6A-4962-98DC-8DBB176F9C0C}
		{0E2792BC-0667-4FE2-9267-D60FEF732EDD} = {C24FEF98-B5A1-4532-BF85-271DEB404E11}
		{AAE54AC4-F728-4F81-BF38-5D894DAB514F} = {D408BF53-52D1-4466-96D4-C81B776BC07F}
		{01745522-9AA8-4F55-8D9B-B3301CA06AE0} = {4F77633D-80FC-4EA4-8DFB-128C1564996E}
		{9B91E8B0-CAA0-46FC-97A1-638D86D4A98E} = {01745522-9AA8-4F55-8D9B-B3301CA06AE0}
		{221AB8C3-F9BE-4A07-BA72-62E439830837} = {9B91E8B0-CAA0-46FC-97A1-638D86D4A98E}
		{D408BF53-52D1-4466-96D4-C81B776BC07F} = {9B91E8B0-CAA0-46FC-97A1-638D86D4A98E}
		{6A1B1FD7-6CE7-4DA4-9D35-36C653CF1F6D} = {D408BF53-52D1-4466-96D4-C81B776BC07F}
		{516A6D95-D262-4935-B2FE-38AFBBCFDD77} = {9B91E8B0-CAA0-46FC-97A1-638D86D4A98E}
		{B73664CB-8D9A-4E36-9AE6-BEE3FE157BC2} = {A30F7F77-9251-456D-90EE-AFFEECB77852}
		{3F132CDE-33B1-45E4-97A1-CD55CDA586A4} = {A30F7F77-9251-456D-90EE-AFFEECB77852}
	EndGlobalSection
	GlobalSection(ExtensibilityGlobals) = postSolution
		SolutionGuid = {52C9D9EC-9427-4D12-AC67-B848B8A8C45A}
	EndGlobalSection
EndGlobal
